{
  "name": "shopping-list",
  "version": "0.1.0",
  "lockfileVersion": 1,
  "requires": true,
  "dependencies": {
    "@types/form-serialize": {
      "version": "0.7.0",
      "resolved": "https://registry.npmjs.org/@types/form-serialize/-/form-serialize-0.7.0.tgz",
      "integrity": "sha512-YZzyouZyApBcd8fht99HE85afq+2/tnr7OZw0CRq3yWxbrqw7M3Tae8da//rJew7BMJmHeooZE33P03HZHGYnA==",
      "dev": true
    }
  }
}
